
Microsoft Visual Studio Solution File, Format Version 12.00
# Visual Studio Version 17
VisualStudioVersion = 17.10.35013.160
MinimumVisualStudioVersion = 10.0.40219.1
Project("{9A19103F-16F7-4668-BE54-9A1E7A4F7556}") = "Restaurant", "Restaurant\Restaurant.csproj", "{81FAF090-EA20-4FF6-9636-E5604BFA7C63}"
EndProject
Project("{54435603-DBB4-11D2-8724-00A0C9A8B90C}") = "ITI_Restaurant", "ITI_Restaurant\ITI_Restaurant.vdproj", "{86B1BA14-0213-47C0-916E-112528D66470}"
EndProject
Global
	GlobalSection(SolutionConfigurationPlatforms) = preSolution
		Debug|Any CPU = Debug|Any CPU
		Release|Any CPU = Release|Any CPU
	EndGlobalSection
	GlobalSection(ProjectConfigurationPlatforms) = postSolution
		{81FAF090-EA20-4FF6-9636-E5604BFA7C63}.Debug|Any CPU.ActiveCfg = Debug|Any CPU
		{81FAF090-EA20-4FF6-9636-E5604BFA7C63}.Debug|Any CPU.Build.0 = Debug|Any CPU
		{81FAF090-EA20-4FF6-9636-E5604BFA7C63}.Release|Any CPU.ActiveCfg = Release|Any CPU
		{81FAF090-EA20-4FF6-9636-E5604BFA7C63}.Release|Any CPU.Build.0 = Release|Any CPU
		{86B1BA14-0213-47C0-916E-112528D66470}.Debug|Any CPU.ActiveCfg = Debug
		{86B1BA14-0213-47C0-916E-112528D66470}.Release|Any CPU.ActiveCfg = Release
	EndGlobalSection
	GlobalSection(SolutionProperties) = preSolution
		HideSolutionNode = FALSE
	EndGlobalSection
	GlobalSection(ExtensibilityGlobals) = postSolution
		SolutionGuid = {3DE1AC22-BA4C-4C23-8E55-47287E14CA37}
	EndGlobalSection
EndGlobal
